// !$*UTF8*$!
{
	archiveVersion = 1;
	classes = {
	};
	objectVersion = 77;
	objects = {

/* Begin PBXContainerItemProxy section */
		DAA4A3BA2F9F0C9700222D3E /* PBXContainerItemProxy */ = {
			isa = PBXContainerItemProxy;
			containerPortal = DAA4A3A42F9F0C9500222D3E /* Project object */;
			proxyType = 1;
			remoteGlobalIDString = DAA4A3AB2F9F0C9500222D3E;
			remoteInfo = Worder;
		};
		DAA4A3C42F9F0C9700222D3E /* PBXContainerItemProxy */ = {
			isa = PBXContainerItemProxy;
			containerPortal = DAA4A3A42F9F0C9500222D3E /* Project object */;
			proxyType = 1;
			remoteGlobalIDString = DAA4A3AB2F9F0C9500222D3E;
			remoteInfo = Worder;
		};
/* End PBXContainerItemProxy section */

/* Begin PBXFileReference section */
		DAA4A3AC2F9F0C9500222D3E /* Worder.app */ = {isa = PBXFileReference; explicitFileType = wrapper.application; includeInIndex = 0; path = Worder.app; sourceTree = BUILT_PRODUCTS_DIR; };
		DAA4A3B92F9F0C9700222D3E /* WorderTests.xctest */ = {isa = PBXFileReference; explicitFileType = wrapper.cfbundle; includeInIndex = 0; path = WorderTests.xctest; sourceTree = BUILT_PRODUCTS_DIR; };
		DAA4A3C32F9F0C9700222D3E /* WorderUITests.xctest */ = {isa = PBXFileReference; explicitFileType = wrapper.cfbundle; includeInIndex = 0; path = WorderUITests.xctest; sourceTree = BUILT_PRODUCTS_DIR; };
/* End PBXFileReference section */

/* Begin PBXFileSystemSynchronizedRootGroup section */
		DAA4A3AE2F9F0C9500222D3E /* Worder */ = {
			isa = PBXFileSystemSynchronizedRootGroup;
			path = Worder;
			sourceTree = "<group>";
		};
		DAA4A3BC2F9F0C9700222D3E /* WorderTests */ = {
			isa = PBXFileSystemSynchronizedRootGroup;
			path = WorderTests;
			sourceTree = "<group>";
		};
		DAA4A3C62F9F0C9700222D3E /* WorderUITests */ = {
			isa = PBXFileSystemSynchronizedRootGroup;
			path = WorderUITests;
			sourceTree = "<group>";
		};
/* End PBXFileSystemSynchronizedRootGroup section */

/* Begin PBXFrameworksBuildPhase section */
		DAA4A3A92F9F0C9500222D3E /* Frameworks */ = {
			isa = PBXFrameworksBuildPhase;
			buildActionMask = 2147483647;
			files = (
			);
			runOnlyForDeploymentPostprocessing = 0;
		};
		DAA4A3B62F9F0C9700222D3E /* Frameworks */ = {
			isa = PBXFrameworksBuildPhase;
			buildActionMask = 2147483647;
			files = (
			);
			runOnlyForDeploymentPostprocessing = 0;
		};
		DAA4A3C02F9F0C9700222D3E /* Frameworks */ = {
			isa = PBXFrameworksBuildPhase;
			buildActionMask = 2147483647;
			files = (
			);
			runOnlyForDeploymentPostprocessing = 0;
		};
/* End PBXFrameworksBuildPhase section */

/* Begin PBXGroup section */
		DAA4A3A32F9F0C9500222D3E = {
			isa = PBXGroup;
			children = (
				DAA4A3AE2F9F0C9500222D3E /* Worder */,
				DAA4A3BC2F9F0C9700222D3E /* WorderTests */,
				DAA4A3C62F9F0C9700222D3E /* WorderUITests */,
				DAA4A3AD2F9F0C9500222D3E /* Products */,
			);
			sourceTree = "<group>";
		};
		DAA4A3AD2F9F0C9500222D3E /* Products */ = {
			isa = PBXGroup;
			children = (
				DAA4A3AC2F9F0C9500222D3E /* Worder.app */,
				DAA4A3B92F9F0C9700222D3E /* WorderTests.xctest */,
				DAA4A3C32F9F0C9700222D3E /* WorderUITests.xctest */,
			);
			name = Products;
			sourceTree = "<group>";
		};
/* End PBXGroup section */

/* Begin PBXNativeTarget section */
		DAA4A3AB2F9F0C9500222D3E /* Worder */ = {
			isa = PBXNativeTarget;
			buildConfigurationList = DAA4A3CD2F9F0C9700222D3E /* Build configuration list for PBXNativeTarget "Worder" */;
			buildPhases = (
				DAA4A3A82F9F0C9500222D3E /* Sources */,
				DAA4A3A92F9F0C9500222D3E /* Frameworks */,
				DAA4A3AA2F9F0C9500222D3E /* Resources */,
			);
			buildRules = (
			);
			dependencies = (
			);
			fileSystemSynchronizedGroups = (
				DAA4A3AE2F9F0C9500222D3E /* Worder */,
			);
			name = Worder;
			packageProductDependencies = (
			);
			productName = Worder;
			productReference = DAA4A3AC2F9F0C9500222D3E /* Worder.app */;
			productType = "com.apple.product-type.application";
		};
		DAA4A3B82F9F0C9700222D3E /* WorderTests */ = {
			isa = PBXNativeTarget;
			buildConfigurationList = DAA4A3D02F9F0C9700222D3E /* Build configuration list for PBXNativeTarget "WorderTests" */;
			buildPhases = (
				DAA4A3B52F9F0C9700222D3E /* Sources */,
				DAA4A3B62F9F0C9700222D3E /* Frameworks */,
				DAA4A3B72F9F0C9700222D3E /* Resources */,
			);
			buildRules = (
			);
			dependencies = (
				DAA4A3BB2F9F0C9700222D3E /* PBXTargetDependency */,
			);
			fileSystemSynchronizedGroups = (
				DAA4A3BC2F9F0C9700222D3E /* WorderTests */,
			);
			name = WorderTests;
			packageProductDependencies = (
			);
			productName = WorderTests;
			productReference = DAA4A3B92F9F0C9700222D3E /* WorderTests.xctest */;
			productType = "com.apple.product-type.bundle.unit-test";
		};
		DAA4A3C22F9F0C9700222D3E /* WorderUITests */ = {
			isa = PBXNativeTarget;
			buildConfigurationList = DAA4A3D32F9F0C9700222D3E /* Build configuration list for PBXNativeTarget "WorderUITests" */;
			buildPhases = (
				DAA4A3BF2F9F0C9700222D3E /* Sources */,
				DAA4A3C02F9F0C9700222D3E /* Frameworks */,
				DAA4A3C12F9F0C9700222D3E /* Resources */,
			);
			buildRules = (
			);
			dependencies = (
				DAA4A3C52F9F0C9700222D3E /* PBXTargetDependency */,
			);
			fileSystemSynchronizedGroups = (
				DAA4A3C62F9F0C9700222D3E /* WorderUITests */,
			);
			name = WorderUITests;
			packageProductDependencies = (
			);
			productName = WorderUITests;
			productReference = DAA4A3C32F9F0C9700222D3E /* WorderUITests.xctest */;
			productType = "com.apple.product-type.bundle.ui-testing";
		};
/* End PBXNativeTarget section */

/* Begin PBXProject section */
		DAA4A3A42F9F0C9500222D3E /* Project object */ = {
			isa = PBXProject;
			attributes = {
				BuildIndependentTargetsInParallel = 1;
				LastSwiftUpdateCheck = 2610;
				LastUpgradeCheck = 2610;
				TargetAttributes = {
					DAA4A3AB2F9F0C9500222D3E = {
						CreatedOnToolsVersion = 26.1;
					};
					DAA4A3B82F9F0C9700222D3E = {
						CreatedOnToolsVersion = 26.1;
						TestTargetID = DAA4A3AB2F9F0C9500222D3E;
					};
					DAA4A3C22F9F0C9700222D3E = {
						CreatedOnToolsVersion = 26.1;
						TestTargetID = DAA4A3AB2F9F0C9500222D3E;
					};
				};
			};
			buildConfigurationList = DAA4A3A72F9F0C9500222D3E /* Build configuration list for PBXProject "Worder" */;
			developmentRegion = en;
			hasScannedForEncodings = 0;
			knownRegions = (
				en,
				Base,
			);
			mainGroup = DAA4A3A32F9F0C9500222D3E;
			minimizedProjectReferenceProxies = 1;
			preferredProjectObjectVersion = 77;
			productRefGroup = DAA4A3AD2F9F0C9500222D3E /* Products */;
			projectDirPath = "";
			projectRoot = "";
			targets = (
				DAA4A3AB2F9F0C9500222D3E /* Worder */,
				DAA4A3B82F9F0C9700222D3E /* WorderTests */,
				DAA4A3C22F9F0C9700222D3E /* WorderUITests */,
			);
		};
/* End PBXProject section */

/* Begin PBXResourcesBuildPhase section */
		DAA4A3AA2F9F0C9500222D3E /* Resources */ = {
			isa = PBXResourcesBuildPhase;
			buildActionMask = 2147483647;
			files = (
			);
			runOnlyForDeploymentPostprocessing = 0;
		};
		DAA4A3B72F9F0C9700222D3E /* Resources */ = {
			isa = PBXResourcesBuildPhase;
			buildActionMask = 2147483647;
			files = (
			);
			runOnlyForDeploymentPostprocessing = 0;
		};
		DAA4A3C12F9F0C9700222D3E /* Resources */ = {
			isa = PBXResourcesBuildPhase;
			buildActionMask = 2147483647;
			files = (
			);
			runOnlyForDeploymentPostprocessing = 0;
		};
/* End PBXResourcesBuildPhase section */

/* Begin PBXSourcesBuildPhase section */
		DAA4A3A82F9F0C9500222D3E /* Sources */ = {
			isa = PBXSourcesBuildPhase;
			buildActionMask = 2147483647;
			files = (
			);
			runOnlyForDeploymentPostprocessing = 0;
		};
		DAA4A3B52F9F0C9700222D3E /* Sources */ = {
			isa = PBXSourcesBuildPhase;
			buildActionMask = 2147483647;
			files = (
			);
			runOnlyForDeploymentPostprocessing = 0;
		};
		DAA4A3BF2F9F0C9700222D3E /* Sources */ = {
			isa = PBXSourcesBuildPhase;
			buildActionMask = 2147483647;
			files = (
			);
			runOnlyForDeploymentPostprocessing = 0;
		};
/* End PBXSourcesBuildPhase section */

/* Begin PBXTargetDependency section */
		DAA4A3BB2F9F0C9700222D3E /* PBXTargetDependency */ = {
			isa = PBXTargetDependency;
			target = DAA4A3AB2F9F0C9500222D3E /* Worder */;
			targetProxy = DAA4A3BA2F9F0C9700222D3E /* PBXContainerItemProxy */;
		};
		DAA4A3C52F9F0C9700222D3E /* PBXTargetDependency */ = {
			isa = PBXTargetDependency;
			target = DAA4A3AB2F9F0C9500222D3E /* Worder */;
			targetProxy = DAA4A3C42F9F0C9700222D3E /* PBXContainerItemProxy */;
		};
/* End PBXTargetDependency section */

/* Begin XCBuildConfiguration section */
		DAA4A3CB2F9F0C9700222D3E /* Debug */ = {
			isa = XCBuildConfiguration;
			buildSettings = {
				ALWAYS_SEARCH_USER_PATHS = NO;
				ASSETCATALOG_COMPILER_GENERATE_SWIFT_ASSET_SYMBOL_EXTENSIONS = YES;
				CLANG_ANALYZER_NONNULL = YES;
				CLANG_ANALYZER_NUMBER_OBJECT_CONVERSION = YES_AGGRESSIVE;
				CLANG_CXX_LANGUAGE_STANDARD = "gnu++20";
				CLANG_ENABLE_MODULES = YES;
				CLANG_ENABLE_OBJC_ARC = YES;
				CLANG_ENABLE_OBJC_WEAK = YES;
				CLANG_WARN_BLOCK_CAPTURE_AUTORELEASING = YES;
				CLANG_WARN_BOOL_CONVERSION = YES;
				CLANG_WARN_COMMA = YES;
				CLANG_WARN_CONSTANT_CONVERSION = YES;
				CLANG_WARN_DEPRECATED_OBJC_IMPLEMENTATIONS = YES;
				CLANG_WARN_DIRECT_OBJC_ISA_USAGE = YES_ERROR;
				CLANG_WARN_DOCUMENTATION_COMMENTS = YES;
				CLANG_WARN_EMPTY_BODY = YES;
				CLANG_WARN_ENUM_CONVERSION = YES;
				CLANG_WARN_INFINITE_RECURSION = YES;
				CLANG_WARN_INT_CONVERSION = YES;
				CLANG_WARN_NON_LITERAL_NULL_CONVERSION = YES;
				CLANG_WARN_OBJC_IMPLICIT_RETAIN_SELF = YES;
				CLANG_WARN_OBJC_LITERAL_CONVERSION = YES;
				CLANG_WARN_OBJC_ROOT_CLASS = YES_ERROR;
				CLANG_WARN_QUOTED_INCLUDE_IN_FRAMEWORK_HEADER = YES;
				CLANG_WARN_RANGE_LOOP_ANALYSIS = YES;
				CLANG_WARN_STRICT_PROTOTYPES = YES;
				CLANG_WARN_SUSPICIOUS_MOVE = YES;
				CLANG_WARN_UNGUARDED_AVAILABILITY = YES_AGGRESSIVE;
				CLANG_WARN_UNREACHABLE_CODE = YES;
				CLANG_WARN__DUPLICATE_METHOD_MATCH = YES;
				COPY_PHASE_STRIP = NO;
				DEBUG_INFORMATION_FORMAT = dwarf;
				ENABLE_STRICT_OBJC_MSGSEND = YES;
				ENABLE_TESTABILITY = YES;
				ENABLE_USER_SCRIPT_SANDBOXING = YES;
				GCC_C_LANGUAGE_STANDARD = gnu17;
				GCC_DYNAMIC_NO_PIC = NO;
				GCC_NO_COMMON_BLOCKS = YES;
				GCC_OPTIMIZATION_LEVEL = 0;
				GCC_PREPROCESSOR_DEFINITIONS = (
					"DEBUG=1",
					"$(inherited)",
				);
				GCC_WARN_64_TO_32_BIT_CONVERSION = YES;
				GCC_WARN_ABOUT_RETURN_TYPE = YES_ERROR;
				GCC_WARN_UNDECLARED_SELECTOR = YES;
				GCC_WARN_UNINITIALIZED_AUTOS = YES_AGGRESSIVE;
				GCC_WARN_UNUSED_FUNCTION = YES;
				GCC_WARN_UNUSED_VARIABLE = YES;
				LOCALIZATION_PREFERS_STRING_CATALOGS = YES;
				MACOSX_DEPLOYMENT_TARGET = 26.1;
				MTL_ENABLE_DEBUG_INFO = INCLUDE_SOURCE;
				MTL_FAST_MATH = YES;
				ONLY_ACTIVE_ARCH = YES;
				SDKROOT = macosx;
				SWIFT_ACTIVE_COMPILATION_CONDITIONS = "DEBUG $(inherited)";
				SWIFT_OPTIMIZATION_LEVEL = "-Onone";
			};
			name = Debug;
		};
		DAA4A3CC2F9F0C9700222D3E /* Release */ = {
			isa = XCBuildConfiguration;
			buildSettings = {
				ALWAYS_SEARCH_USER_PATHS = NO;
				ASSETCATALOG_COMPILER_GENERATE_SWIFT_ASSET_SYMBOL_EXTENSIONS = YES;
				CLANG_ANALYZER_NONNULL = YES;
				CLANG_ANALYZER_NUMBER_OBJECT_CONVERSION = YES_AGGRESSIVE;
				CLANG_CXX_LANGUAGE_STANDARD = "gnu++20";
				CLANG_ENABLE_MODULES = YES;
				CLANG_ENABLE_OBJC_ARC = YES;
				CLANG_ENABLE_OBJC_WEAK = YES;
				CLANG_WARN_BLOCK_CAPTURE_AUTORELEASING = YES;
				CLANG_WARN_BOOL_CONVERSION = YES;
				CLANG_WARN_COMMA = YES;
				CLANG_WARN_CONSTANT_CONVERSION = YES;
				CLANG_WARN_DEPRECATED_OBJC_IMPLEMENTATIONS = YES;
				CLANG_WARN_DIRECT_OBJC_ISA_USAGE = YES_ERROR;
				CLANG_WARN_DOCUMENTATION_COMMENTS = YES;
				CLANG_WARN_EMPTY_BODY = YES;
				CLANG_WARN_ENUM_CONVERSION = YES;
				CLANG_WARN_INFINITE_RECURSION = YES;
				CLANG_WARN_INT_CONVERSION = YES;
				CLANG_WARN_NON_LITERAL_NULL_CONVERSION = YES;
				CLANG_WARN_OBJC_IMPLICIT_RETAIN_SELF = YES;
				CLANG_WARN_OBJC_LITERAL_CONVERSION = YES;
				CLANG_WARN_OBJC_ROOT_CLASS = YES_ERROR;
				CLANG_WARN_QUOTED_INCLUDE_IN_FRAMEWORK_HEADER = YES;
				CLANG_WARN_RANGE_LOOP_ANALYSIS = YES;
				CLANG_WARN_STRICT_PROTOTYPES = YES;
				CLANG_WARN_SUSPICIOUS_MOVE = YES;
				CLANG_WARN_UNGUARDED_AVAILABILITY = YES_AGGRESSIVE;
				CLANG_WARN_UNREACHABLE_CODE = YES;
				CLANG_WARN__DUPLICATE_METHOD_MATCH = YES;
				COPY_PHASE_STRIP = NO;
				DEBUG_INFORMATION_FORMAT = "dwarf-with-dsym";
				ENABLE_NS_ASSERTIONS = NO;
				ENABLE_STRICT_OBJC_MSGSEND = YES;
				ENABLE_USER_SCRIPT_SANDBOXING = YES;
				GCC_C_LANGUAGE_STANDARD = gnu17;
				GCC_NO_COMMON_BLOCKS = YES;
				GCC_WARN_64_TO_32_BIT_CONVERSION = YES;
				GCC_WARN_ABOUT_RETURN_TYPE = YES_ERROR;
				GCC_WARN_UNDECLARED_SELECTOR = YES;
				GCC_WARN_UNINITIALIZED_AUTOS = YES_AGGRESSIVE;
				GCC_WARN_UNUSED_FUNCTION = YES;
				GCC_WARN_UNUSED_VARIABLE = YES;
				LOCALIZATION_PREFERS_STRING_CATALOGS = YES;
				MACOSX_DEPLOYMENT_TARGET = 26.1;
				MTL_ENABLE_DEBUG_INFO = NO;
				MTL_FAST_MATH = YES;
				SDKROOT = macosx;
				SWIFT_COMPILATION_MODE = wholemodule;
			};
			name = Release;
		};
		DAA4A3CE2F9F0C9700222D3E /* Debug */ = {
			isa = XCBuildConfiguration;
			buildSettings = {
				ASSETCATALOG_COMPILER_APPICON_NAME = AppIcon;
				ASSETCATALOG_COMPILER_GLOBAL_ACCENT_COLOR_NAME = AccentColor;
				CODE_SIGN_STYLE = Automatic;
				COMBINE_HIDPI_IMAGES = YES;
				CURRENT_PROJECT_VERSION = 1;
				ENABLE_APP_SANDBOX = YES;
				ENABLE_PREVIEWS = YES;
				ENABLE_USER_SELECTED_FILES = readonly;
				GENERATE_INFOPLIST_FILE = YES;
				INFOPLIST_KEY_NSHumanReadableCopyright = "";
				LD_RUNPATH_SEARCH_PATHS = (
					"$(inherited)",
					"@executable_path/../Frameworks",
				);
				MARKETING_VERSION = 1.0;
				PRODUCT_BUNDLE_IDENTIFIER = drecon.Worder;
				PRODUCT_NAME = "$(TARGET_NAME)";
				REGISTER_APP_GROUPS = YES;
				STRING_CATALOG_GENERATE_SYMBOLS = YES;
				SWIFT_APPROACHABLE_CONCURRENCY = YES;
				SWIFT_DEFAULT_ACTOR_ISOLATION = MainActor;
				SWIFT_EMIT_LOC_STRINGS = YES;
				SWIFT_UPCOMING_FEATURE_MEMBER_IMPORT_VISIBILITY = YES;
				SWIFT_VERSION = 5.0;
			};
			name = Debug;
		};
		DAA4A3CF2F9F0C9700222D3E /* Release */ = {
			isa = XCBuildConfiguration;
			buildSettings = {
				ASSETCATALOG_COMPILER_APPICON_NAME = AppIcon;
				ASSETCATALOG_COMPILER_GLOBAL_ACCENT_COLOR_NAME = AccentColor;
				CODE_SIGN_STYLE = Automatic;
				COMBINE_HIDPI_IMAGES = YES;
				CURRENT_PROJECT_VERSION = 1;
				ENABLE_APP_SANDBOX = YES;
				ENABLE_PREVIEWS = YES;
				ENABLE_USER_SELECTED_FILES = readonly;
				GENERATE_INFOPLIST_FILE = YES;
				INFOPLIST_KEY_NSHumanReadableCopyright = "";
				LD_RUNPATH_SEARCH_PATHS = (
					"$(inherited)",
					"@executable_path/../Frameworks",
				);
				MARKETING_VERSION = 1.0;
				PRODUCT_BUNDLE_IDENTIFIER = drecon.Worder;
				PRODUCT_NAME = "$(TARGET_NAME)";
				REGISTER_APP_GROUPS = YES;
				STRING_CATALOG_GENERATE_SYMBOLS = YES;
				SWIFT_APPROACHABLE_CONCURRENCY = YES;
				SWIFT_DEFAULT_ACTOR_ISOLATION = MainActor;
				SWIFT_EMIT_LOC_STRINGS = YES;
				SWIFT_UPCOMING_FEATURE_MEMBER_IMPORT_VISIBILITY = YES;
				SWIFT_VERSION = 5.0;
			};
			name = Release;
		};
		DAA4A3D12F9F0C9700222D3E /* Debug */ = {
			isa = XCBuildConfiguration;
			buildSettings = {
				BUNDLE_LOADER = "$(TEST_HOST)";
				CODE_SIGN_STYLE = Automatic;
				CURRENT_PROJECT_VERSION = 1;
				GENERATE_INFOPLIST_FILE = YES;
				MACOSX_DEPLOYMENT_TARGET = 26.1;
				MARKETING_VERSION = 1.0;
				PRODUCT_BUNDLE_IDENTIFIER = drecon.WorderTests;
				PRODUCT_NAME = "$(TARGET_NAME)";
				STRING_CATALOG_GENERATE_SYMBOLS = NO;
				SWIFT_APPROACHABLE_CONCURRENCY = YES;
				SWIFT_EMIT_LOC_STRINGS = NO;
				SWIFT_UPCOMING_FEATURE_MEMBER_IMPORT_VISIBILITY = YES;
				SWIFT_VERSION = 5.0;
				TEST_HOST = "$(BUILT_PRODUCTS_DIR)/Worder.app/$(BUNDLE_EXECUTABLE_FOLDER_PATH)/Worder";
			};
			name = Debug;
		};
		DAA4A3D22F9F0C9700222D3E /* Release */ = {
			isa = XCBuildConfiguration;
			buildSettings = {
				BUNDLE_LOADER = "$(TEST_HOST)";
				CODE_SIGN_STYLE = Automatic;
				CURRENT_PROJECT_VERSION = 1;
				GENERATE_INFOPLIST_FILE = YES;
				MACOSX_DEPLOYMENT_TARGET = 26.1;
				MARKETING_VERSION = 1.0;
				PRODUCT_BUNDLE_IDENTIFIER = drecon.WorderTests;
				PRODUCT_NAME = "$(TARGET_NAME)";
				STRING_CATALOG_GENERATE_SYMBOLS = NO;
				SWIFT_APPROACHABLE_CONCURRENCY = YES;
				SWIFT_EMIT_LOC_STRINGS = NO;
				SWIFT_UPCOMING_FEATURE_MEMBER_IMPORT_VISIBILITY = YES;
				SWIFT_VERSION = 5.0;
				TEST_HOST = "$(BUILT_PRODUCTS_DIR)/Worder.app/$(BUNDLE_EXECUTABLE_FOLDER_PATH)/Worder";
			};
			name = Release;
		};
		DAA4A3D42F9F0C9700222D3E /* Debug */ = {
			isa = XCBuildConfiguration;
			buildSettings = {
				CODE_SIGN_STYLE = Automatic;
				CURRENT_PROJECT_VERSION = 1;
				GENERATE_INFOPLIST_FILE = YES;
				MARKETING_VERSION = 1.0;
				PRODUCT_BUNDLE_IDENTIFIER = drecon.WorderUITests;
				PRODUCT_NAME = "$(TARGET_NAME)";
				STRING_CATALOG_GENERATE_SYMBOLS = NO;
				SWIFT_APPROACHABLE_CONCURRENCY = YES;
				SWIFT_EMIT_LOC_STRINGS = NO;
				SWIFT_UPCOMING_FEATURE_MEMBER_IMPORT_VISIBILITY = YES;
				SWIFT_VERSION = 5.0;
				TEST_TARGET_NAME = Worder;
			};
			name = Debug;
		};
		DAA4A3D52F9F0C9700222D3E /* Release */ = {
			isa = XCBuildConfiguration;
			buildSettings = {
				CODE_SIGN_STYLE = Automatic;
				CURRENT_PROJECT_VERSION = 1;
				GENERATE_INFOPLIST_FILE = YES;
				MARKETING_VERSION = 1.0;
				PRODUCT_BUNDLE_IDENTIFIER = drecon.WorderUITests;
				PRODUCT_NAME = "$(TARGET_NAME)";
				STRING_CATALOG_GENERATE_SYMBOLS = NO;
				SWIFT_APPROACHABLE_CONCURRENCY = YES;
				SWIFT_EMIT_LOC_STRINGS = NO;
				SWIFT_UPCOMING_FEATURE_MEMBER_IMPORT_VISIBILITY = YES;
				SWIFT_VERSION = 5.0;
				TEST_TARGET_NAME = Worder;
			};
			name = Release;
		};
/* End XCBuildConfiguration section */

/* Begin XCConfigurationList section */
		DAA4A3A72F9F0C9500222D3E /* Build configuration list for PBXProject "Worder" */ = {
			isa = XCConfigurationList;
			buildConfigurations = (
				DAA4A3CB2F9F0C9700222D3E /* Debug */,
				DAA4A3CC2F9F0C9700222D3E /* Release */,
			);
			defaultConfigurationIsVisible = 0;
			defaultConfigurationName = Release;
		};
		DAA4A3CD2F9F0C9700222D3E /* Build configuration list for PBXNativeTarget "Worder" */ = {
			isa = XCConfigurationList;
			buildConfigurations = (
				DAA4A3CE2F9F0C9700222D3E /* Debug */,
				DAA4A3CF2F9F0C9700222D3E /* Release */,
			);
			defaultConfigurationIsVisible = 0;
			defaultConfigurationName = Release;
		};
		DAA4A3D02F9F0C9700222D3E /* Build configuration list for PBXNativeTarget "WorderTests" */ = {
			isa = XCConfigurationList;
			buildConfigurations = (
				DAA4A3D12F9F0C9700222D3E /* Debug */,
				DAA4A3D22F9F0C9700222D3E /* Release */,
			);
			defaultConfigurationIsVisible = 0;
			defaultConfigurationName = Release;
		};
		DAA4A3D32F9F0C9700222D3E /* Build configuration list for PBXNativeTarget "WorderUITests" */ = {
			isa = XCConfigurationList;
			buildConfigurations = (
				DAA4A3D42F9F0C9700222D3E /* Debug */,
				DAA4A3D52F9F0C9700222D3E /* Release */,
			);
			defaultConfigurationIsVisible = 0;
			defaultConfigurationName = Release;
		};
/* End XCConfigurationList section */
	};
	rootObject = DAA4A3A42F9F0C9500222D3E /* Project object */;
}
